
Microsoft Visual Studio Solution File, Format Version 12.00
# Visual Studio 15
VisualStudioVersion = 15.0.27130.2024
MinimumVisualStudioVersion = 10.0.40219.1
Project("{2150E333-8FDC-42A3-9474-1A3956D46DE8}") = "src", "src", "{0219332F-4EB1-4036-9960-D2E1F921F454}"
EndProject
Project("{9A19103F-16F7-4668-BE54-9A1E7A4F7556}") = "BuildingBlocks.Core", "src\BuildingBlocks.Core\BuildingBlocks.Core.csproj", "{A5C515E7-E5E2-4BA8-8E1D-56B9E2AE542B}"
EndProject
Project("{9A19103F-16F7-4668-BE54-9A1E7A4F7556}") = "BuildingBlocks.Autofac", "src\BuildingBlocks.Autofac\BuildingBlocks.Autofac.csproj", "{612D9EE0-191E-4223-9DA9-1677CEAF198B}"
EndProject
Project("{9A19103F-16F7-4668-BE54-9A1E7A4F7556}") = "BuildingBlocks.Swagger", "src\BuildingBlocks.Swagger\BuildingBlocks.Swagger.csproj", "{C6CB91A9-5D36-41FA-A0F5-74F568A501EC}"
EndProject
Project("{9A19103F-16F7-4668-BE54-9A1E7A4F7556}") = "BuildingBlocks.Mvc", "src\BuildingBlocks.Mvc\BuildingBlocks.Mvc.csproj", "{11570978-BE74-4086-A44D-67B271365ACB}"
EndProject
Project("{9A19103F-16F7-4668-BE54-9A1E7A4F7556}") = "BuildingBlocks.Mediatr", "src\BuildingBlocks.Mediatr\BuildingBlocks.Mediatr.csproj", "{0122CC47-AD82-4D2B-A4CC-CED322D7755D}"
EndProject
Project("{9A19103F-16F7-4668-BE54-9A1E7A4F7556}") = "BuildingBlocks.Idempotency", "src\BuildingBlocks.Idempotency\BuildingBlocks.Idempotency.csproj", "{2BBB0B0F-F2DF-4F96-8ABA-57E1F8735AC3}"
EndProject
Project("{9A19103F-16F7-4668-BE54-9A1E7A4F7556}") = "BuindingBlocks.Resilience", "src\BuindingBlocks.Resilience\BuindingBlocks.Resilience.csproj", "{848A3936-3F34-4398-97EC-E6B1D839A8D8}"
EndProject
Project("{9A19103F-16F7-4668-BE54-9A1E7A4F7556}") = "BuildingBlocks.IdentityServer4.RavenDB", "src\BuildingBlocks.IdentityServer4.RavenDB\BuildingBlocks.IdentityServer4.RavenDB.csproj", "{91C1F84A-15D1-4596-9BF3-464988B739AB}"
EndProject
Project("{9A19103F-16F7-4668-BE54-9A1E7A4F7556}") = "BuildingBlocks.AspnetCoreIdentity.RavenDB", "src\BuildingBlocks.AspnetCoreIdentity.RavenDB\BuildingBlocks.AspnetCoreIdentity.RavenDB.csproj", "{A5D7048A-756E-46F1-BA5A-7CC4FA6A25CC}"
EndProject
Global
	GlobalSection(SolutionConfigurationPlatforms) = preSolution
		Debug|Any CPU = Debug|Any CPU
		Release|Any CPU = Release|Any CPU
	EndGlobalSection
	GlobalSection(ProjectConfigurationPlatforms) = postSolution
		{A5C515E7-E5E2-4BA8-8E1D-56B9E2AE542B}.Debug|Any CPU.ActiveCfg = Debug|Any CPU
		{A5C515E7-E5E2-4BA8-8E1D-56B9E2AE542B}.Debug|Any CPU.Build.0 = Debug|Any CPU
		{A5C515E7-E5E2-4BA8-8E1D-56B9E2AE542B}.Release|Any CPU.ActiveCfg = Release|Any CPU
		{A5C515E7-E5E2-4BA8-8E1D-56B9E2AE542B}.Release|Any CPU.Build.0 = Release|Any CPU
		{612D9EE0-191E-4223-9DA9-1677CEAF198B}.Debug|Any CPU.ActiveCfg = Debug|Any CPU
		{612D9EE0-191E-4223-9DA9-1677CEAF198B}.Debug|Any CPU.Build.0 = Debug|Any CPU
		{612D9EE0-191E-4223-9DA9-1677CEAF198B}.Release|Any CPU.ActiveCfg = Release|Any CPU
		{612D9EE0-191E-4223-9DA9-1677CEAF198B}.Release|Any CPU.Build.0 = Release|Any CPU
		{C6CB91A9-5D36-41FA-A0F5-74F568A501EC}.Debug|Any CPU.ActiveCfg = Debug|Any CPU
		{C6CB91A9-5D36-41FA-A0F5-74F568A501EC}.Debug|Any CPU.Build.0 = Debug|Any CPU
		{C6CB91A9-5D36-41FA-A0F5-74F568A501EC}.Release|Any CPU.ActiveCfg = Release|Any CPU
		{C6CB91A9-5D36-41FA-A0F5-74F568A501EC}.Release|Any CPU.Build.0 = Release|Any CPU
		{11570978-BE74-4086-A44D-67B271365ACB}.Debug|Any CPU.ActiveCfg = Debug|Any CPU
		{11570978-BE74-4086-A44D-67B271365ACB}.Debug|Any CPU.Build.0 = Debug|Any CPU
		{11570978-BE74-4086-A44D-67B271365ACB}.Release|Any CPU.ActiveCfg = Release|Any CPU
		{11570978-BE74-4086-A44D-67B271365ACB}.Release|Any CPU.Build.0 = Release|Any CPU
		{0122CC47-AD82-4D2B-A4CC-CED322D7755D}.Debug|Any CPU.ActiveCfg = Debug|Any CPU
		{0122CC47-AD82-4D2B-A4CC-CED322D7755D}.Debug|Any CPU.Build.0 = Debug|Any CPU
		{0122CC47-AD82-4D2B-A4CC-CED322D7755D}.Release|Any CPU.ActiveCfg = Release|Any CPU
		{0122CC47-AD82-4D2B-A4CC-CED322D7755D}.Release|Any CPU.Build.0 = Release|Any CPU
		{2BBB0B0F-F2DF-4F96-8ABA-57E1F8735AC3}.Debug|Any CPU.ActiveCfg = Debug|Any CPU
		{2BBB0B0F-F2DF-4F96-8ABA-57E1F8735AC3}.Debug|Any CPU.Build.0 = Debug|Any CPU
		{2BBB0B0F-F2DF-4F96-8ABA-57E1F8735AC3}.Release|Any CPU.ActiveCfg = Release|Any CPU
		{2BBB0B0F-F2DF-4F96-8ABA-57E1F8735AC3}.Release|Any CPU.Build.0 = Release|Any CPU
		{618C4AE0-8691-4C89-ABB4-24C19E13779B}.Debug|Any CPU.ActiveCfg = Debug|Any CPU
		{618C4AE0-8691-4C89-ABB4-24C19E13779B}.Debug|Any CPU.Build.0 = Debug|Any CPU
		{618C4AE0-8691-4C89-ABB4-24C19E13779B}.Release|Any CPU.ActiveCfg = Release|Any CPU
		{618C4AE0-8691-4C89-ABB4-24C19E13779B}.Release|Any CPU.Build.0 = Release|Any CPU
		{7CEEBFEB-89A5-48DA-A261-694E35529D91}.Debug|Any CPU.ActiveCfg = Debug|Any CPU
		{7CEEBFEB-89A5-48DA-A261-694E35529D91}.Debug|Any CPU.Build.0 = Debug|Any CPU
		{7CEEBFEB-89A5-48DA-A261-694E35529D91}.Release|Any CPU.ActiveCfg = Release|Any CPU
		{7CEEBFEB-89A5-48DA-A261-694E35529D91}.Release|Any CPU.Build.0 = Release|Any CPU
		{178904AB-74A2-4A74-923D-D706A7D7E67E}.Debug|Any CPU.ActiveCfg = Debug|Any CPU
		{178904AB-74A2-4A74-923D-D706A7D7E67E}.Debug|Any CPU.Build.0 = Debug|Any CPU
		{178904AB-74A2-4A74-923D-D706A7D7E67E}.Release|Any CPU.ActiveCfg = Release|Any CPU
		{178904AB-74A2-4A74-923D-D706A7D7E67E}.Release|Any CPU.Build.0 = Release|Any CPU
		{848A3936-3F34-4398-97EC-E6B1D839A8D8}.Debug|Any CPU.ActiveCfg = Debug|Any CPU
		{848A3936-3F34-4398-97EC-E6B1D839A8D8}.Debug|Any CPU.Build.0 = Debug|Any CPU
		{848A3936-3F34-4398-97EC-E6B1D839A8D8}.Release|Any CPU.ActiveCfg = Release|Any CPU
		{848A3936-3F34-4398-97EC-E6B1D839A8D8}.Release|Any CPU.Build.0 = Release|Any CPU
		{256110C6-374A-44C5-860C-7F717B542681}.Debug|Any CPU.ActiveCfg = Debug|Any CPU
		{256110C6-374A-44C5-860C-7F717B542681}.Debug|Any CPU.Build.0 = Debug|Any CPU
		{256110C6-374A-44C5-860C-7F717B542681}.Release|Any CPU.ActiveCfg = Release|Any CPU
		{256110C6-374A-44C5-860C-7F717B542681}.Release|Any CPU.Build.0 = Release|Any CPU
		{8266F4AD-1288-4B9E-9A24-98D51564A063}.Debug|Any CPU.ActiveCfg = Debug|Any CPU
		{8266F4AD-1288-4B9E-9A24-98D51564A063}.Debug|Any CPU.Build.0 = Debug|Any CPU
		{8266F4AD-1288-4B9E-9A24-98D51564A063}.Release|Any CPU.ActiveCfg = Release|Any CPU
		{8266F4AD-1288-4B9E-9A24-98D51564A063}.Release|Any CPU.Build.0 = Release|Any CPU
		{91C1F84A-15D1-4596-9BF3-464988B739AB}.Debug|Any CPU.ActiveCfg = Debug|Any CPU
		{91C1F84A-15D1-4596-9BF3-464988B739AB}.Debug|Any CPU.Build.0 = Debug|Any CPU
		{91C1F84A-15D1-4596-9BF3-464988B739AB}.Release|Any CPU.ActiveCfg = Release|Any CPU
		{91C1F84A-15D1-4596-9BF3-464988B739AB}.Release|Any CPU.Build.0 = Release|Any CPU
		{A5D7048A-756E-46F1-BA5A-7CC4FA6A25CC}.Debug|Any CPU.ActiveCfg = Debug|Any CPU
		{A5D7048A-756E-46F1-BA5A-7CC4FA6A25CC}.Debug|Any CPU.Build.0 = Debug|Any CPU
		{A5D7048A-756E-46F1-BA5A-7CC4FA6A25CC}.Release|Any CPU.ActiveCfg = Release|Any CPU
		{A5D7048A-756E-46F1-BA5A-7CC4FA6A25CC}.Release|Any CPU.Build.0 = Release|Any CPU
		{87A3BC61-D820-411B-AB87-34B531FB8518}.Debug|Any CPU.ActiveCfg = Debug|Any CPU
		{87A3BC61-D820-411B-AB87-34B531FB8518}.Debug|Any CPU.Build.0 = Debug|Any CPU
		{87A3BC61-D820-411B-AB87-34B531FB8518}.Release|Any CPU.ActiveCfg = Release|Any CPU
		{87A3BC61-D820-411B-AB87-34B531FB8518}.Release|Any CPU.Build.0 = Release|Any CPU
		{06D0A301-1508-4F05-98DB-8DE8F83E1FED}.Debug|Any CPU.ActiveCfg = Debug|Any CPU
		{06D0A301-1508-4F05-98DB-8DE8F83E1FED}.Debug|Any CPU.Build.0 = Debug|Any CPU
		{06D0A301-1508-4F05-98DB-8DE8F83E1FED}.Release|Any CPU.ActiveCfg = Release|Any CPU
		{06D0A301-1508-4F05-98DB-8DE8F83E1FED}.Release|Any CPU.Build.0 = Release|Any CPU
		{318B4B14-FB2E-43B8-B45A-C3A21A1FA214}.Debug|Any CPU.ActiveCfg = Debug|Any CPU
		{318B4B14-FB2E-43B8-B45A-C3A21A1FA214}.Debug|Any CPU.Build.0 = Debug|Any CPU
		{318B4B14-FB2E-43B8-B45A-C3A21A1FA214}.Release|Any CPU.ActiveCfg = Release|Any CPU
		{318B4B14-FB2E-43B8-B45A-C3A21A1FA214}.Release|Any CPU.Build.0 = Release|Any CPU
	EndGlobalSection
	GlobalSection(SolutionProperties) = preSolution
		HideSolutionNode = FALSE
	EndGlobalSection
	GlobalSection(NestedProjects) = preSolution
		{A5C515E7-E5E2-4BA8-8E1D-56B9E2AE542B} = {0219332F-4EB1-4036-9960-D2E1F921F454}
		{612D9EE0-191E-4223-9DA9-1677CEAF198B} = {0219332F-4EB1-4036-9960-D2E1F921F454}
		{C6CB91A9-5D36-41FA-A0F5-74F568A501EC} = {0219332F-4EB1-4036-9960-D2E1F921F454}
		{11570978-BE74-4086-A44D-67B271365ACB} = {0219332F-4EB1-4036-9960-D2E1F921F454}
		{0122CC47-AD82-4D2B-A4CC-CED322D7755D} = {0219332F-4EB1-4036-9960-D2E1F921F454}
		{2BBB0B0F-F2DF-4F96-8ABA-57E1F8735AC3} = {0219332F-4EB1-4036-9960-D2E1F921F454}
		{618C4AE0-8691-4C89-ABB4-24C19E13779B} = {D7BE979C-1D23-4964-8ADF-BA5A17FFC310}
		{7CEEBFEB-89A5-48DA-A261-694E35529D91} = {A0134598-514D-47BD-9C9C-D8CCD78FBD67}
		{178904AB-74A2-4A74-923D-D706A7D7E67E} = {A0134598-514D-47BD-9C9C-D8CCD78FBD67}
		{848A3936-3F34-4398-97EC-E6B1D839A8D8} = {0219332F-4EB1-4036-9960-D2E1F921F454}
		{A0134598-514D-47BD-9C9C-D8CCD78FBD67} = {D7BE979C-1D23-4964-8ADF-BA5A17FFC310}
		{8AF5D4F1-06C6-4D9C-808F-A98FA6B00542} = {D7BE979C-1D23-4964-8ADF-BA5A17FFC310}
		{256110C6-374A-44C5-860C-7F717B542681} = {8AF5D4F1-06C6-4D9C-808F-A98FA6B00542}
		{8266F4AD-1288-4B9E-9A24-98D51564A063} = {8AF5D4F1-06C6-4D9C-808F-A98FA6B00542}
		{91C1F84A-15D1-4596-9BF3-464988B739AB} = {0219332F-4EB1-4036-9960-D2E1F921F454}
		{A5D7048A-756E-46F1-BA5A-7CC4FA6A25CC} = {0219332F-4EB1-4036-9960-D2E1F921F454}
		{87A3BC61-D820-411B-AB87-34B531FB8518} = {A0134598-514D-47BD-9C9C-D8CCD78FBD67}
		{06D0A301-1508-4F05-98DB-8DE8F83E1FED} = {78D13A70-557D-49C1-A992-532E772014F5}
		{318B4B14-FB2E-43B8-B45A-C3A21A1FA214} = {78D13A70-557D-49C1-A992-532E772014F5}
	EndGlobalSection
	GlobalSection(ExtensibilityGlobals) = postSolution
		SolutionGuid = {03F10F18-BED4-45E5-A771-8E257E384EC1}
	EndGlobalSection
EndGlobal
